
Microsoft Visual Studio Solution File, Format Version 12.00
# Visual Studio Version 16
VisualStudioVersion = 16.0.30002.166
MinimumVisualStudioVersion = 10.0.40219.1
Project("{FAE04EC0-301F-11D3-BF4B-00C04F79EFBC}") = "Hahn.ApplicatonProcess.May2020.Data", "Hahn.ApplicatonProcess.May2020.Data\Hahn.ApplicatonProcess.May2020.Data.csproj", "{80FF175B-C0BB-4EEA-A0C9-24C84B0F6D03}"
EndProject
Project("{FAE04EC0-301F-11D3-BF4B-00C04F79EFBC}") = "Hahn.ApplicatonProcess.May2020.Web", "Hahn.ApplicatonProcess.May2020.Web\Hahn.ApplicatonProcess.May2020.Web.csproj", "{8CD92D2A-2EB0-48C5-947F-BEEA9B034A9A}"
EndProject
Project("{FAE04EC0-301F-11D3-BF4B-00C04F79EFBC}") = "Hahn.ApplicatonProcess.May2020.Domain", "Hahn.ApplicatonProcess.May2020.Domain\Hahn.ApplicatonProcess.May2020.Domain.csproj", "{2AA92B71-97E9-4756-B859-E3D6B89DA0A9}"
EndProject
Project("{FAE04EC0-301F-11D3-BF4B-00C04F79EFBC}") = "Hahn.ApplicatonProcess.May2020.Business", "Hahn.ApplicatonProcess.May2020.Business\Hahn.ApplicatonProcess.May2020.Business.csproj", "{F7355F4D-086F-4D30-9379-251838CE682A}"
EndProject
Global
	GlobalSection(SolutionConfigurationPlatforms) = preSolution
		Debug|Any CPU = Debug|Any CPU
		Release|Any CPU = Release|Any CPU
	EndGlobalSection
	GlobalSection(ProjectConfigurationPlatforms) = postSolution
		{80FF175B-C0BB-4EEA-A0C9-24C84B0F6D03}.Debug|Any CPU.ActiveCfg = Debug|Any CPU
		{80FF175B-C0BB-4EEA-A0C9-24C84B0F6D03}.Debug|Any CPU.Build.0 = Debug|Any CPU
		{80FF175B-C0BB-4EEA-A0C9-24C84B0F6D03}.Release|Any CPU.ActiveCfg = Release|Any CPU
		{80FF175B-C0BB-4EEA-A0C9-24C84B0F6D03}.Release|Any CPU.Build.0 = Release|Any CPU
		{8CD92D2A-2EB0-48C5-947F-BEEA9B034A9A}.Debug|Any CPU.ActiveCfg = Debug|Any CPU
		{8CD92D2A-2EB0-48C5-947F-BEEA9B034A9A}.Debug|Any CPU.Build.0 = Debug|Any CPU
		{8CD92D2A-2EB0-48C5-947F-BEEA9B034A9A}.Release|Any CPU.ActiveCfg = Release|Any CPU
		{8CD92D2A-2EB0-48C5-947F-BEEA9B034A9A}.Release|Any CPU.Build.0 = Release|Any CPU
		{2AA92B71-97E9-4756-B859-E3D6B89DA0A9}.Debug|Any CPU.ActiveCfg = Debug|Any CPU
		{2AA92B71-97E9-4756-B859-E3D6B89DA0A9}.Debug|Any CPU.Build.0 = Debug|Any CPU
		{2AA92B71-97E9-4756-B859-E3D6B89DA0A9}.Release|Any CPU.ActiveCfg = Release|Any CPU
		{2AA92B71-97E9-4756-B859-E3D6B89DA0A9}.Release|Any CPU.Build.0 = Release|Any CPU
		{F7355F4D-086F-4D30-9379-251838CE682A}.Debug|Any CPU.ActiveCfg = Debug|Any CPU
		{F7355F4D-086F-4D30-9379-251838CE682A}.Debug|Any CPU.Build.0 = Debug|Any CPU
		{F7355F4D-086F-4D30-9379-251838CE682A}.Release|Any CPU.ActiveCfg = Release|Any CPU
		{F7355F4D-086F-4D30-9379-251838CE682A}.Release|Any CPU.Build.0 = Release|Any CPU
	EndGlobalSection
	GlobalSection(SolutionProperties) = preSolution
		HideSolutionNode = FALSE
	EndGlobalSection
	GlobalSection(ExtensibilityGlobals) = postSolution
		SolutionGuid = {DCABF0A9-A583-4CDE-B1F1-3E920F2A01D6}
	EndGlobalSection
EndGlobal
